// !$*UTF8*$!
{
	archiveVersion = 1;
	classes = {
	};
	objectVersion = 55;
	objects = {

/* Begin PBXBuildFile section */
		79C5DB04AA798538A130A512 /* Pods_BAndC_Tests_BAndCTests.framework in Frameworks */ = {isa = PBXBuildFile; fileRef = D07AA6BBDFD1EC89DA7F7EAB /* Pods_BAndC_Tests_BAndCTests.framework */; };
		83614F2F29AA2F55001218C7 /* MainCoordinatorTests.swift in Sources */ = {isa = PBXBuildFile; fileRef = 8394E71A29AA0946000BCF02 /* MainCoordinatorTests.swift */; };
		83614F3029AA2F6E001218C7 /* Mocks.swift in Sources */ = {isa = PBXBuildFile; fileRef = 83614F2029AA17B7001218C7 /* Mocks.swift */; };
		8394E6D029A7D848000BCF02 /* AppDelegate.swift in Sources */ = {isa = PBXBuildFile; fileRef = 8394E6CF29A7D848000BCF02 /* AppDelegate.swift */; };
		8394E6D229A7D848000BCF02 /* SceneDelegate.swift in Sources */ = {isa = PBXBuildFile; fileRef = 8394E6D129A7D848000BCF02 /* SceneDelegate.swift */; };
		8394E6D429A7D848000BCF02 /* ViewController.swift in Sources */ = {isa = PBXBuildFile; fileRef = 8394E6D329A7D848000BCF02 /* ViewController.swift */; };
		8394E6D929A7D84F000BCF02 /* Assets.xcassets in Resources */ = {isa = PBXBuildFile; fileRef = 8394E6D829A7D84F000BCF02 /* Assets.xcassets */; };
		8394E6EE29A90FBB000BCF02 /* MainCoordinator.swift in Sources */ = {isa = PBXBuildFile; fileRef = 8394E6ED29A90FBB000BCF02 /* MainCoordinator.swift */; };
		8394E6F029A9109F000BCF02 /* MainFlowProvider.swift in Sources */ = {isa = PBXBuildFile; fileRef = 8394E6EF29A9109F000BCF02 /* MainFlowProvider.swift */; };
		8394E6F629A91806000BCF02 /* MainFlowModule.swift in Sources */ = {isa = PBXBuildFile; fileRef = 8394E6F529A91806000BCF02 /* MainFlowModule.swift */; };
		8394E6F829A919C0000BCF02 /* MainFlowAssembly.swift in Sources */ = {isa = PBXBuildFile; fileRef = 8394E6F729A919C0000BCF02 /* MainFlowAssembly.swift */; };
		8394E6FA29A91D49000BCF02 /* MainFlowModuleInputData.swift in Sources */ = {isa = PBXBuildFile; fileRef = 8394E6F929A91D49000BCF02 /* MainFlowModuleInputData.swift */; };
		83F53A3D29B511D00059F7AF /* LaunchScreen.storyboard in Resources */ = {isa = PBXBuildFile; fileRef = 83F53A3C29B511D00059F7AF /* LaunchScreen.storyboard */; };
		D033F36160B8B44D5F87246D /* Pods_BAndC.framework in Frameworks */ = {isa = PBXBuildFile; fileRef = B2CF048735024EA709AF0126 /* Pods_BAndC.framework */; };
/* End PBXBuildFile section */

/* Begin PBXContainerItemProxy section */
		83614F2A29AA2F2A001218C7 /* PBXContainerItemProxy */ = {
			isa = PBXContainerItemProxy;
			containerPortal = 8394E6C429A7D847000BCF02 /* Project object */;
			proxyType = 1;
			remoteGlobalIDString = 8394E6CB29A7D847000BCF02;
			remoteInfo = BAndC;
		};
/* End PBXContainerItemProxy section */

/* Begin PBXFileReference section */
		4E702995E7B4DA4CA5898606 /* Pods-BAndC-Tests-BAndCTests.debug.xcconfig */ = {isa = PBXFileReference; includeInIndex = 1; lastKnownFileType = text.xcconfig; name = "Pods-BAndC-Tests-BAndCTests.debug.xcconfig"; path = "Target Support Files/Pods-BAndC-Tests-BAndCTests/Pods-BAndC-Tests-BAndCTests.debug.xcconfig"; sourceTree = "<group>"; };
		83614F2029AA17B7001218C7 /* Mocks.swift */ = {isa = PBXFileReference; fileEncoding = 4; lastKnownFileType = sourcecode.swift; path = Mocks.swift; sourceTree = "<group>"; };
		83614F2629AA2F2A001218C7 /* BAndCTests.xctest */ = {isa = PBXFileReference; explicitFileType = wrapper.cfbundle; includeInIndex = 0; path = BAndCTests.xctest; sourceTree = BUILT_PRODUCTS_DIR; };
		8394E6CC29A7D848000BCF02 /* BAndC.app */ = {isa = PBXFileReference; explicitFileType = wrapper.application; includeInIndex = 0; path = BAndC.app; sourceTree = BUILT_PRODUCTS_DIR; };
		8394E6CF29A7D848000BCF02 /* AppDelegate.swift */ = {isa = PBXFileReference; lastKnownFileType = sourcecode.swift; path = AppDelegate.swift; sourceTree = "<group>"; };
		8394E6D129A7D848000BCF02 /* SceneDelegate.swift */ = {isa = PBXFileReference; lastKnownFileType = sourcecode.swift; path = SceneDelegate.swift; sourceTree = "<group>"; };
		8394E6D329A7D848000BCF02 /* ViewController.swift */ = {isa = PBXFileReference; lastKnownFileType = sourcecode.swift; path = ViewController.swift; sourceTree = "<group>"; };
		8394E6D829A7D84F000BCF02 /* Assets.xcassets */ = {isa = PBXFileReference; lastKnownFileType = folder.assetcatalog; path = Assets.xcassets; sourceTree = "<group>"; };
		8394E6ED29A90FBB000BCF02 /* MainCoordinator.swift */ = {isa = PBXFileReference; lastKnownFileType = sourcecode.swift; path = MainCoordinator.swift; sourceTree = "<group>"; };
		8394E6EF29A9109F000BCF02 /* MainFlowProvider.swift */ = {isa = PBXFileReference; lastKnownFileType = sourcecode.swift; path = MainFlowProvider.swift; sourceTree = "<group>"; };
		8394E6F529A91806000BCF02 /* MainFlowModule.swift */ = {isa = PBXFileReference; lastKnownFileType = sourcecode.swift; path = MainFlowModule.swift; sourceTree = "<group>"; };
		8394E6F729A919C0000BCF02 /* MainFlowAssembly.swift */ = {isa = PBXFileReference; lastKnownFileType = sourcecode.swift; path = MainFlowAssembly.swift; sourceTree = "<group>"; };
		8394E6F929A91D49000BCF02 /* MainFlowModuleInputData.swift */ = {isa = PBXFileReference; lastKnownFileType = sourcecode.swift; path = MainFlowModuleInputData.swift; sourceTree = "<group>"; };
		8394E71A29AA0946000BCF02 /* MainCoordinatorTests.swift */ = {isa = PBXFileReference; lastKnownFileType = sourcecode.swift; path = MainCoordinatorTests.swift; sourceTree = "<group>"; };
		83F53A3729B511420059F7AF /* Info.plist */ = {isa = PBXFileReference; fileEncoding = 4; lastKnownFileType = text.plist.xml; path = Info.plist; sourceTree = "<group>"; };
		83F53A3C29B511D00059F7AF /* LaunchScreen.storyboard */ = {isa = PBXFileReference; fileEncoding = 4; lastKnownFileType = file.storyboard; path = LaunchScreen.storyboard; sourceTree = "<group>"; };
		A642E202C7AF865C65A4949D /* Pods-BAndC.debug.xcconfig */ = {isa = PBXFileReference; includeInIndex = 1; lastKnownFileType = text.xcconfig; name = "Pods-BAndC.debug.xcconfig"; path = "Target Support Files/Pods-BAndC/Pods-BAndC.debug.xcconfig"; sourceTree = "<group>"; };
		B2CF048735024EA709AF0126 /* Pods_BAndC.framework */ = {isa = PBXFileReference; explicitFileType = wrapper.framework; includeInIndex = 0; path = Pods_BAndC.framework; sourceTree = BUILT_PRODUCTS_DIR; };
		BA005239690FAE8C8EE658C9 /* Pods-BAndC-Tests-BAndCTests.release.xcconfig */ = {isa = PBXFileReference; includeInIndex = 1; lastKnownFileType = text.xcconfig; name = "Pods-BAndC-Tests-BAndCTests.release.xcconfig"; path = "Target Support Files/Pods-BAndC-Tests-BAndCTests/Pods-BAndC-Tests-BAndCTests.release.xcconfig"; sourceTree = "<group>"; };
		D07AA6BBDFD1EC89DA7F7EAB /* Pods_BAndC_Tests_BAndCTests.framework */ = {isa = PBXFileReference; explicitFileType = wrapper.framework; includeInIndex = 0; path = Pods_BAndC_Tests_BAndCTests.framework; sourceTree = BUILT_PRODUCTS_DIR; };
		F6192F88DFDE3A34FE368986 /* Pods-BAndC.release.xcconfig */ = {isa = PBXFileReference; includeInIndex = 1; lastKnownFileType = text.xcconfig; name = "Pods-BAndC.release.xcconfig"; path = "Target Support Files/Pods-BAndC/Pods-BAndC.release.xcconfig"; sourceTree = "<group>"; };
/* End PBXFileReference section */

/* Begin PBXFrameworksBuildPhase section */
		83614F2329AA2F2A001218C7 /* Frameworks */ = {
			isa = PBXFrameworksBuildPhase;
			buildActionMask = 2147483647;
			files = (
				79C5DB04AA798538A130A512 /* Pods_BAndC_Tests_BAndCTests.framework in Frameworks */,
			);
			runOnlyForDeploymentPostprocessing = 0;
		};
		8394E6C929A7D847000BCF02 /* Frameworks */ = {
			isa = PBXFrameworksBuildPhase;
			buildActionMask = 2147483647;
			files = (
				D033F36160B8B44D5F87246D /* Pods_BAndC.framework in Frameworks */,
			);
			runOnlyForDeploymentPostprocessing = 0;
		};
/* End PBXFrameworksBuildPhase section */

/* Begin PBXGroup section */
		1CEF16E36545EC5342782638 /* Frameworks */ = {
			isa = PBXGroup;
			children = (
				B2CF048735024EA709AF0126 /* Pods_BAndC.framework */,
				D07AA6BBDFD1EC89DA7F7EAB /* Pods_BAndC_Tests_BAndCTests.framework */,
			);
			name = Frameworks;
			sourceTree = "<group>";
		};
		58BA658FAE12D4FE57466E9F /* Pods */ = {
			isa = PBXGroup;
			children = (
				A642E202C7AF865C65A4949D /* Pods-BAndC.debug.xcconfig */,
				F6192F88DFDE3A34FE368986 /* Pods-BAndC.release.xcconfig */,
				4E702995E7B4DA4CA5898606 /* Pods-BAndC-Tests-BAndCTests.debug.xcconfig */,
				BA005239690FAE8C8EE658C9 /* Pods-BAndC-Tests-BAndCTests.release.xcconfig */,
			);
			path = Pods;
			sourceTree = "<group>";
		};
		83614F1F29AA17B7001218C7 /* Generated */ = {
			isa = PBXGroup;
			children = (
				83614F2029AA17B7001218C7 /* Mocks.swift */,
			);
			name = Generated;
			path = BAndCTests/Generated;
			sourceTree = SOURCE_ROOT;
		};
		83614F2729AA2F2A001218C7 /* BAndCTests */ = {
			isa = PBXGroup;
			children = (
				8394E71C29AA09D4000BCF02 /* Flows */,
			);
			path = BAndCTests;
			sourceTree = "<group>";
		};
		8394E6C329A7D847000BCF02 = {
			isa = PBXGroup;
			children = (
				8394E6CE29A7D848000BCF02 /* BAndC */,
				83614F2729AA2F2A001218C7 /* BAndCTests */,
				8394E6CD29A7D848000BCF02 /* Products */,
				58BA658FAE12D4FE57466E9F /* Pods */,
				1CEF16E36545EC5342782638 /* Frameworks */,
			);
			sourceTree = "<group>";
		};
		8394E6CD29A7D848000BCF02 /* Products */ = {
			isa = PBXGroup;
			children = (
				8394E6CC29A7D848000BCF02 /* BAndC.app */,
				83614F2629AA2F2A001218C7 /* BAndCTests.xctest */,
			);
			name = Products;
			sourceTree = "<group>";
		};
		8394E6CE29A7D848000BCF02 /* BAndC */ = {
			isa = PBXGroup;
			children = (
				83F53A3C29B511D00059F7AF /* LaunchScreen.storyboard */,
				83F53A3729B511420059F7AF /* Info.plist */,
				8394E6EB29A90EFC000BCF02 /* Flows */,
				8394E6CF29A7D848000BCF02 /* AppDelegate.swift */,
				8394E6D129A7D848000BCF02 /* SceneDelegate.swift */,
				8394E6D329A7D848000BCF02 /* ViewController.swift */,
				8394E6D829A7D84F000BCF02 /* Assets.xcassets */,
			);
			path = BAndC;
			sourceTree = "<group>";
		};
		8394E6EB29A90EFC000BCF02 /* Flows */ = {
			isa = PBXGroup;
			children = (
				8394E6EC29A90F14000BCF02 /* Main */,
			);
			path = Flows;
			sourceTree = "<group>";
		};
		8394E6EC29A90F14000BCF02 /* Main */ = {
			isa = PBXGroup;
			children = (
				8394E6F429A917E7000BCF02 /* Module */,
				8394E6ED29A90FBB000BCF02 /* MainCoordinator.swift */,
				8394E6EF29A9109F000BCF02 /* MainFlowProvider.swift */,
			);
			path = Main;
			sourceTree = "<group>";
		};
		8394E6F429A917E7000BCF02 /* Module */ = {
			isa = PBXGroup;
			children = (
				8394E6F529A91806000BCF02 /* MainFlowModule.swift */,
				8394E6F729A919C0000BCF02 /* MainFlowAssembly.swift */,
				8394E6F929A91D49000BCF02 /* MainFlowModuleInputData.swift */,
			);
			path = Module;
			sourceTree = "<group>";
		};
		8394E71C29AA09D4000BCF02 /* Flows */ = {
			isa = PBXGroup;
			children = (
				83614F1F29AA17B7001218C7 /* Generated */,
				8394E71D29AA09DB000BCF02 /* Main */,
			);
			path = Flows;
			sourceTree = "<group>";
		};
		8394E71D29AA09DB000BCF02 /* Main */ = {
			isa = PBXGroup;
			children = (
				8394E71A29AA0946000BCF02 /* MainCoordinatorTests.swift */,
			);
			path = Main;
			sourceTree = "<group>";
		};
/* End PBXGroup section */

/* Begin PBXNativeTarget section */
		83614F2529AA2F2A001218C7 /* BAndCTests */ = {
			isa = PBXNativeTarget;
			buildConfigurationList = 83614F2C29AA2F2B001218C7 /* Build configuration list for PBXNativeTarget "BAndCTests" */;
			buildPhases = (
				831C8DF429B8EC1F00C943C7 /* SwiftGen */,
				97C1FE274BDF7697D303813C /* [CP] Check Pods Manifest.lock */,
				83614F2229AA2F2A001218C7 /* Sources */,
				83614F2329AA2F2A001218C7 /* Frameworks */,
				83614F2429AA2F2A001218C7 /* Resources */,
				F6EF867A9A6414B680C7B862 /* [CP] Embed Pods Frameworks */,
			);
			buildRules = (
			);
			dependencies = (
				83614F2B29AA2F2A001218C7 /* PBXTargetDependency */,
			);
			name = BAndCTests;
			productName = BAndCTests;
			productReference = 83614F2629AA2F2A001218C7 /* BAndCTests.xctest */;
			productType = "com.apple.product-type.bundle.unit-test";
		};
		8394E6CB29A7D847000BCF02 /* BAndC */ = {
			isa = PBXNativeTarget;
			buildConfigurationList = 8394E6E029A7D850000BCF02 /* Build configuration list for PBXNativeTarget "BAndC" */;
			buildPhases = (
				7096F5FF7C209DDF426B20F7 /* [CP] Check Pods Manifest.lock */,
				83F539F929B4C06A0059F7AF /* SwiftGen */,
				8394E6E329A7F30B000BCF02 /* SwiftLint */,
				8394E6C829A7D847000BCF02 /* Sources */,
				8394E6C929A7D847000BCF02 /* Frameworks */,
				8394E6CA29A7D847000BCF02 /* Resources */,
				D7DAEE014784EA1F1F50AA51 /* [CP] Embed Pods Frameworks */,
			);
			buildRules = (
			);
			dependencies = (
			);
			name = BAndC;
			productName = "B&C";
			productReference = 8394E6CC29A7D848000BCF02 /* BAndC.app */;
			productType = "com.apple.product-type.application";
		};
/* End PBXNativeTarget section */

/* Begin PBXProject section */
		8394E6C429A7D847000BCF02 /* Project object */ = {
			isa = PBXProject;
			attributes = {
				BuildIndependentTargetsInParallel = 1;
				LastSwiftUpdateCheck = 1400;
				LastUpgradeCheck = 1400;
				TargetAttributes = {
					83614F2529AA2F2A001218C7 = {
						CreatedOnToolsVersion = 14.0.1;
						TestTargetID = 8394E6CB29A7D847000BCF02;
					};
					8394E6CB29A7D847000BCF02 = {
						CreatedOnToolsVersion = 14.0.1;
					};
				};
			};
			buildConfigurationList = 8394E6C729A7D847000BCF02 /* Build configuration list for PBXProject "BAndC" */;
			compatibilityVersion = "Xcode 13.0";
			developmentRegion = en;
			hasScannedForEncodings = 0;
			knownRegions = (
				en,
				ru,
				Base,
			);
			mainGroup = 8394E6C329A7D847000BCF02;
			productRefGroup = 8394E6CD29A7D848000BCF02 /* Products */;
			projectDirPath = "";
			projectRoot = "";
			targets = (
				8394E6CB29A7D847000BCF02 /* BAndC */,
				83614F2529AA2F2A001218C7 /* BAndCTests */,
			);
		};
/* End PBXProject section */

/* Begin PBXResourcesBuildPhase section */
		83614F2429AA2F2A001218C7 /* Resources */ = {
			isa = PBXResourcesBuildPhase;
			buildActionMask = 2147483647;
			files = (
			);
			runOnlyForDeploymentPostprocessing = 0;
		};
		8394E6CA29A7D847000BCF02 /* Resources */ = {
			isa = PBXResourcesBuildPhase;
			buildActionMask = 2147483647;
			files = (
				8394E6D929A7D84F000BCF02 /* Assets.xcassets in Resources */,
				83F53A3D29B511D00059F7AF /* LaunchScreen.storyboard in Resources */,
			);
			runOnlyForDeploymentPostprocessing = 0;
		};
/* End PBXResourcesBuildPhase section */

/* Begin PBXShellScriptBuildPhase section */
		7096F5FF7C209DDF426B20F7 /* [CP] Check Pods Manifest.lock */ = {
			isa = PBXShellScriptBuildPhase;
			buildActionMask = 2147483647;
			files = (
			);
			inputFileListPaths = (
			);
			inputPaths = (
				"${PODS_PODFILE_DIR_PATH}/Podfile.lock",
				"${PODS_ROOT}/Manifest.lock",
			);
			name = "[CP] Check Pods Manifest.lock";
			outputFileListPaths = (
			);
			outputPaths = (
				"$(DERIVED_FILE_DIR)/Pods-BAndC-checkManifestLockResult.txt",
			);
			runOnlyForDeploymentPostprocessing = 0;
			shellPath = /bin/sh;
			shellScript = "diff \"${PODS_PODFILE_DIR_PATH}/Podfile.lock\" \"${PODS_ROOT}/Manifest.lock\" > /dev/null\nif [ $? != 0 ] ; then\n    # print error to STDERR\n    echo \"error: The sandbox is not in sync with the Podfile.lock. Run 'pod install' or update your CocoaPods installation.\" >&2\n    exit 1\nfi\n# This output is used by Xcode 'outputs' to avoid re-running this script phase.\necho \"SUCCESS\" > \"${SCRIPT_OUTPUT_FILE_0}\"\n";
			showEnvVarsInLog = 0;
		};
		831C8DF429B8EC1F00C943C7 /* SwiftGen */ = {
			isa = PBXShellScriptBuildPhase;
			alwaysOutOfDate = 1;
			buildActionMask = 2147483647;
			files = (
			);
			inputFileListPaths = (
			);
			inputPaths = (
			);
			name = SwiftGen;
			outputFileListPaths = (
			);
			outputPaths = (
			);
			runOnlyForDeploymentPostprocessing = 0;
			shellPath = /bin/sh;
			shellScript = "$PODS_ROOT/SwiftGen/bin/swiftgen\n";
		};
		8394E6E329A7F30B000BCF02 /* SwiftLint */ = {
			isa = PBXShellScriptBuildPhase;
			alwaysOutOfDate = 1;
			buildActionMask = 12;
			files = (
			);
			inputFileListPaths = (
			);
			inputPaths = (
			);
			name = SwiftLint;
			outputFileListPaths = (
			);
			outputPaths = (
			);
			runOnlyForDeploymentPostprocessing = 0;
			shellPath = /bin/sh;
			shellScript = "${PODS_ROOT}/SwiftLint/swiftlint --fix && ${PODS_ROOT}/SwiftLint/swiftlint\n";
		};
		83F539F929B4C06A0059F7AF /* SwiftGen */ = {
			isa = PBXShellScriptBuildPhase;
			alwaysOutOfDate = 1;
			buildActionMask = 2147483647;
			files = (
			);
			inputFileListPaths = (
			);
			inputPaths = (
			);
			name = SwiftGen;
			outputFileListPaths = (
			);
			outputPaths = (
			);
			runOnlyForDeploymentPostprocessing = 0;
			shellPath = /bin/sh;
			shellScript = "$PODS_ROOT/SwiftGen/bin/swiftgen\n";
		};
		97C1FE274BDF7697D303813C /* [CP] Check Pods Manifest.lock */ = {
			isa = PBXShellScriptBuildPhase;
			buildActionMask = 2147483647;
			files = (
			);
			inputFileListPaths = (
			);
			inputPaths = (
				"${PODS_PODFILE_DIR_PATH}/Podfile.lock",
				"${PODS_ROOT}/Manifest.lock",
			);
			name = "[CP] Check Pods Manifest.lock";
			outputFileListPaths = (
			);
			outputPaths = (
				"$(DERIVED_FILE_DIR)/Pods-BAndC-Tests-BAndCTests-checkManifestLockResult.txt",
			);
			runOnlyForDeploymentPostprocessing = 0;
			shellPath = /bin/sh;
			shellScript = "diff \"${PODS_PODFILE_DIR_PATH}/Podfile.lock\" \"${PODS_ROOT}/Manifest.lock\" > /dev/null\nif [ $? != 0 ] ; then\n    # print error to STDERR\n    echo \"error: The sandbox is not in sync with the Podfile.lock. Run 'pod install' or update your CocoaPods installation.\" >&2\n    exit 1\nfi\n# This output is used by Xcode 'outputs' to avoid re-running this script phase.\necho \"SUCCESS\" > \"${SCRIPT_OUTPUT_FILE_0}\"\n";
			showEnvVarsInLog = 0;
		};
		D7DAEE014784EA1F1F50AA51 /* [CP] Embed Pods Frameworks */ = {
			isa = PBXShellScriptBuildPhase;
			buildActionMask = 2147483647;
			files = (
			);
			inputFileListPaths = (
				"${PODS_ROOT}/Target Support Files/Pods-BAndC/Pods-BAndC-frameworks-${CONFIGURATION}-input-files.xcfilelist",
			);
			name = "[CP] Embed Pods Frameworks";
			outputFileListPaths = (
				"${PODS_ROOT}/Target Support Files/Pods-BAndC/Pods-BAndC-frameworks-${CONFIGURATION}-output-files.xcfilelist",
			);
			runOnlyForDeploymentPostprocessing = 0;
			shellPath = /bin/sh;
			shellScript = "\"${PODS_ROOT}/Target Support Files/Pods-BAndC/Pods-BAndC-frameworks.sh\"\n";
			showEnvVarsInLog = 0;
		};
		F6EF867A9A6414B680C7B862 /* [CP] Embed Pods Frameworks */ = {
			isa = PBXShellScriptBuildPhase;
			buildActionMask = 2147483647;
			files = (
			);
			inputFileListPaths = (
				"${PODS_ROOT}/Target Support Files/Pods-BAndC-Tests-BAndCTests/Pods-BAndC-Tests-BAndCTests-frameworks-${CONFIGURATION}-input-files.xcfilelist",
			);
			name = "[CP] Embed Pods Frameworks";
			outputFileListPaths = (
				"${PODS_ROOT}/Target Support Files/Pods-BAndC-Tests-BAndCTests/Pods-BAndC-Tests-BAndCTests-frameworks-${CONFIGURATION}-output-files.xcfilelist",
			);
			runOnlyForDeploymentPostprocessing = 0;
			shellPath = /bin/sh;
			shellScript = "\"${PODS_ROOT}/Target Support Files/Pods-BAndC-Tests-BAndCTests/Pods-BAndC-Tests-BAndCTests-frameworks.sh\"\n";
			showEnvVarsInLog = 0;
		};
/* End PBXShellScriptBuildPhase section */

/* Begin PBXSourcesBuildPhase section */
		83614F2229AA2F2A001218C7 /* Sources */ = {
			isa = PBXSourcesBuildPhase;
			buildActionMask = 2147483647;
			files = (
				83614F2F29AA2F55001218C7 /* MainCoordinatorTests.swift in Sources */,
				83614F3029AA2F6E001218C7 /* Mocks.swift in Sources */,
			);
			runOnlyForDeploymentPostprocessing = 0;
		};
		8394E6C829A7D847000BCF02 /* Sources */ = {
			isa = PBXSourcesBuildPhase;
			buildActionMask = 2147483647;
			files = (
				8394E6D429A7D848000BCF02 /* ViewController.swift in Sources */,
				8394E6EE29A90FBB000BCF02 /* MainCoordinator.swift in Sources */,
				8394E6F829A919C0000BCF02 /* MainFlowAssembly.swift in Sources */,
				8394E6F629A91806000BCF02 /* MainFlowModule.swift in Sources */,
				8394E6F029A9109F000BCF02 /* MainFlowProvider.swift in Sources */,
				8394E6FA29A91D49000BCF02 /* MainFlowModuleInputData.swift in Sources */,
				8394E6D029A7D848000BCF02 /* AppDelegate.swift in Sources */,
				8394E6D229A7D848000BCF02 /* SceneDelegate.swift in Sources */,
			);
			runOnlyForDeploymentPostprocessing = 0;
		};
/* End PBXSourcesBuildPhase section */

/* Begin PBXTargetDependency section */
		83614F2B29AA2F2A001218C7 /* PBXTargetDependency */ = {
			isa = PBXTargetDependency;
			target = 8394E6CB29A7D847000BCF02 /* BAndC */;
			targetProxy = 83614F2A29AA2F2A001218C7 /* PBXContainerItemProxy */;
		};
/* End PBXTargetDependency section */

/* Begin XCBuildConfiguration section */
		83614F2D29AA2F2B001218C7 /* Debug */ = {
			isa = XCBuildConfiguration;
			baseConfigurationReference = 4E702995E7B4DA4CA5898606 /* Pods-BAndC-Tests-BAndCTests.debug.xcconfig */;
			buildSettings = {
				BUNDLE_LOADER = "$(TEST_HOST)";
				CODE_SIGN_STYLE = Automatic;
				CURRENT_PROJECT_VERSION = 1;
				DEVELOPMENT_TEAM = 3TNZ35SGHD;
				GENERATE_INFOPLIST_FILE = YES;
				MARKETING_VERSION = 1.0;
				PRODUCT_BUNDLE_IDENTIFIER = DanilaG.BAndCTests;
				PRODUCT_NAME = "$(TARGET_NAME)";
				SWIFT_EMIT_LOC_STRINGS = NO;
				SWIFT_VERSION = 5.0;
				TARGETED_DEVICE_FAMILY = "1,2";
				TEST_HOST = "$(BUILT_PRODUCTS_DIR)/BAndC.app/$(BUNDLE_EXECUTABLE_FOLDER_PATH)/BAndC";
			};
			name = Debug;
		};
		83614F2E29AA2F2B001218C7 /* Release */ = {
			isa = XCBuildConfiguration;
			baseConfigurationReference = BA005239690FAE8C8EE658C9 /* Pods-BAndC-Tests-BAndCTests.release.xcconfig */;
			buildSettings = {
				BUNDLE_LOADER = "$(TEST_HOST)";
				CODE_SIGN_STYLE = Automatic;
				CURRENT_PROJECT_VERSION = 1;
				DEVELOPMENT_TEAM = 3TNZ35SGHD;
				GENERATE_INFOPLIST_FILE = YES;
				MARKETING_VERSION = 1.0;
				PRODUCT_BUNDLE_IDENTIFIER = DanilaG.BAndCTests;
				PRODUCT_NAME = "$(TARGET_NAME)";
				SWIFT_EMIT_LOC_STRINGS = NO;
				SWIFT_VERSION = 5.0;
				TARGETED_DEVICE_FAMILY = "1,2";
				TEST_HOST = "$(BUILT_PRODUCTS_DIR)/BAndC.app/$(BUNDLE_EXECUTABLE_FOLDER_PATH)/BAndC";
			};
			name = Release;
		};
		8394E6DE29A7D84F000BCF02 /* Debug */ = {
			isa = XCBuildConfiguration;
			buildSettings = {
				ALWAYS_SEARCH_USER_PATHS = NO;
				CLANG_ANALYZER_NONNULL = YES;
				CLANG_ANALYZER_NUMBER_OBJECT_CONVERSION = YES_AGGRESSIVE;
				CLANG_CXX_LANGUAGE_STANDARD = "gnu++20";
				CLANG_ENABLE_MODULES = YES;
				CLANG_ENABLE_OBJC_ARC = YES;
				CLANG_ENABLE_OBJC_WEAK = YES;
				CLANG_WARN_BLOCK_CAPTURE_AUTORELEASING = YES;
				CLANG_WARN_BOOL_CONVERSION = YES;
				CLANG_WARN_COMMA = YES;
				CLANG_WARN_CONSTANT_CONVERSION = YES;
				CLANG_WARN_DEPRECATED_OBJC_IMPLEMENTATIONS = YES;
				CLANG_WARN_DIRECT_OBJC_ISA_USAGE = YES_ERROR;
				CLANG_WARN_DOCUMENTATION_COMMENTS = YES;
				CLANG_WARN_EMPTY_BODY = YES;
				CLANG_WARN_ENUM_CONVERSION = YES;
				CLANG_WARN_INFINITE_RECURSION = YES;
				CLANG_WARN_INT_CONVERSION = YES;
				CLANG_WARN_NON_LITERAL_NULL_CONVERSION = YES;
				CLANG_WARN_OBJC_IMPLICIT_RETAIN_SELF = YES;
				CLANG_WARN_OBJC_LITERAL_CONVERSION = YES;
				CLANG_WARN_OBJC_ROOT_CLASS = YES_ERROR;
				CLANG_WARN_QUOTED_INCLUDE_IN_FRAMEWORK_HEADER = YES;
				CLANG_WARN_RANGE_LOOP_ANALYSIS = YES;
				CLANG_WARN_STRICT_PROTOTYPES = YES;
				CLANG_WARN_SUSPICIOUS_MOVE = YES;
				CLANG_WARN_UNGUARDED_AVAILABILITY = YES_AGGRESSIVE;
				CLANG_WARN_UNREACHABLE_CODE = YES;
				CLANG_WARN__DUPLICATE_METHOD_MATCH = YES;
				COPY_PHASE_STRIP = NO;
				DEBUG_INFORMATION_FORMAT = dwarf;
				ENABLE_STRICT_OBJC_MSGSEND = YES;
				ENABLE_TESTABILITY = YES;
				GCC_C_LANGUAGE_STANDARD = gnu11;
				GCC_DYNAMIC_NO_PIC = NO;
				GCC_NO_COMMON_BLOCKS = YES;
				GCC_OPTIMIZATION_LEVEL = 0;
				GCC_PREPROCESSOR_DEFINITIONS = (
					"DEBUG=1",
					"$(inherited)",
				);
				GCC_WARN_64_TO_32_BIT_CONVERSION = YES;
				GCC_WARN_ABOUT_RETURN_TYPE = YES_ERROR;
				GCC_WARN_UNDECLARED_SELECTOR = YES;
				GCC_WARN_UNINITIALIZED_AUTOS = YES_AGGRESSIVE;
				GCC_WARN_UNUSED_FUNCTION = YES;
				GCC_WARN_UNUSED_VARIABLE = YES;
				IPHONEOS_DEPLOYMENT_TARGET = 16.0;
				MTL_ENABLE_DEBUG_INFO = INCLUDE_SOURCE;
				MTL_FAST_MATH = YES;
				ONLY_ACTIVE_ARCH = YES;
				SDKROOT = iphoneos;
				SWIFT_ACTIVE_COMPILATION_CONDITIONS = DEBUG;
				SWIFT_OPTIMIZATION_LEVEL = "-Onone";
			};
			name = Debug;
		};
		8394E6DF29A7D850000BCF02 /* Release */ = {
			isa = XCBuildConfiguration;
			buildSettings = {
				ALWAYS_SEARCH_USER_PATHS = NO;
				CLANG_ANALYZER_NONNULL = YES;
				CLANG_ANALYZER_NUMBER_OBJECT_CONVERSION = YES_AGGRESSIVE;
				CLANG_CXX_LANGUAGE_STANDARD = "gnu++20";
				CLANG_ENABLE_MODULES = YES;
				CLANG_ENABLE_OBJC_ARC = YES;
				CLANG_ENABLE_OBJC_WEAK = YES;
				CLANG_WARN_BLOCK_CAPTURE_AUTORELEASING = YES;
				CLANG_WARN_BOOL_CONVERSION = YES;
				CLANG_WARN_COMMA = YES;
				CLANG_WARN_CONSTANT_CONVERSION = YES;
				CLANG_WARN_DEPRECATED_OBJC_IMPLEMENTATIONS = YES;
				CLANG_WARN_DIRECT_OBJC_ISA_USAGE = YES_ERROR;
				CLANG_WARN_DOCUMENTATION_COMMENTS = YES;
				CLANG_WARN_EMPTY_BODY = YES;
				CLANG_WARN_ENUM_CONVERSION = YES;
				CLANG_WARN_INFINITE_RECURSION = YES;
				CLANG_WARN_INT_CONVERSION = YES;
				CLANG_WARN_NON_LITERAL_NULL_CONVERSION = YES;
				CLANG_WARN_OBJC_IMPLICIT_RETAIN_SELF = YES;
				CLANG_WARN_OBJC_LITERAL_CONVERSION = YES;
				CLANG_WARN_OBJC_ROOT_CLASS = YES_ERROR;
				CLANG_WARN_QUOTED_INCLUDE_IN_FRAMEWORK_HEADER = YES;
				CLANG_WARN_RANGE_LOOP_ANALYSIS = YES;
				CLANG_WARN_STRICT_PROTOTYPES = YES;
				CLANG_WARN_SUSPICIOUS_MOVE = YES;
				CLANG_WARN_UNGUARDED_AVAILABILITY = YES_AGGRESSIVE;
				CLANG_WARN_UNREACHABLE_CODE = YES;
				CLANG_WARN__DUPLICATE_METHOD_MATCH = YES;
				COPY_PHASE_STRIP = NO;
				DEBUG_INFORMATION_FORMAT = "dwarf-with-dsym";
				ENABLE_NS_ASSERTIONS = NO;
				ENABLE_STRICT_OBJC_MSGSEND = YES;
				GCC_C_LANGUAGE_STANDARD = gnu11;
				GCC_NO_COMMON_BLOCKS = YES;
				GCC_WARN_64_TO_32_BIT_CONVERSION = YES;
				GCC_WARN_ABOUT_RETURN_TYPE = YES_ERROR;
				GCC_WARN_UNDECLARED_SELECTOR = YES;
				GCC_WARN_UNINITIALIZED_AUTOS = YES_AGGRESSIVE;
				GCC_WARN_UNUSED_FUNCTION = YES;
				GCC_WARN_UNUSED_VARIABLE = YES;
				IPHONEOS_DEPLOYMENT_TARGET = 16.0;
				MTL_ENABLE_DEBUG_INFO = NO;
				MTL_FAST_MATH = YES;
				SDKROOT = iphoneos;
				SWIFT_COMPILATION_MODE = wholemodule;
				SWIFT_OPTIMIZATION_LEVEL = "-O";
				VALIDATE_PRODUCT = YES;
			};
			name = Release;
		};
		8394E6E129A7D850000BCF02 /* Debug */ = {
			isa = XCBuildConfiguration;
			baseConfigurationReference = A642E202C7AF865C65A4949D /* Pods-BAndC.debug.xcconfig */;
			buildSettings = {
				ASSETCATALOG_COMPILER_APPICON_NAME = AppIcon;
				ASSETCATALOG_COMPILER_GLOBAL_ACCENT_COLOR_NAME = AccentColor;
				ASSETCATALOG_COMPILER_INCLUDE_ALL_APPICON_ASSETS = NO;
				CODE_SIGN_STYLE = Automatic;
				CURRENT_PROJECT_VERSION = 1;
				DEVELOPMENT_TEAM = 3TNZ35SGHD;
				GENERATE_INFOPLIST_FILE = YES;
				INFOPLIST_FILE = BAndC/Info.plist;
				INFOPLIST_KEY_CFBundleDisplayName = "B&C";
				INFOPLIST_KEY_UIApplicationSupportsIndirectInputEvents = YES;
				INFOPLIST_KEY_UILaunchStoryboardName = LaunchScreen.storyboard;
				INFOPLIST_KEY_UIRequiresFullScreen = YES;
				INFOPLIST_KEY_UISupportedInterfaceOrientations = UIInterfaceOrientationPortrait;
				IPHONEOS_DEPLOYMENT_TARGET = 15.0;
				LD_RUNPATH_SEARCH_PATHS = (
					"$(inherited)",
					"@executable_path/Frameworks",
				);
				MARKETING_VERSION = 1.0;
				PRODUCT_BUNDLE_IDENTIFIER = "DanilaG.B-C";
				PRODUCT_NAME = BAndC;
				SWIFT_EMIT_LOC_STRINGS = YES;
				SWIFT_VERSION = 5.0;
				TARGETED_DEVICE_FAMILY = "1,2";
			};
			name = Debug;
		};
		8394E6E229A7D850000BCF02 /* Release */ = {
			isa = XCBuildConfiguration;
			baseConfigurationReference = F6192F88DFDE3A34FE368986 /* Pods-BAndC.release.xcconfig */;
			buildSettings = {
				ASSETCATALOG_COMPILER_APPICON_NAME = AppIcon;
				ASSETCATALOG_COMPILER_GLOBAL_ACCENT_COLOR_NAME = AccentColor;
				ASSETCATALOG_COMPILER_INCLUDE_ALL_APPICON_ASSETS = NO;
				CODE_SIGN_STYLE = Automatic;
				CURRENT_PROJECT_VERSION = 1;
				DEVELOPMENT_TEAM = 3TNZ35SGHD;
				GENERATE_INFOPLIST_FILE = YES;
				INFOPLIST_FILE = BAndC/Info.plist;
				INFOPLIST_KEY_CFBundleDisplayName = "B&C";
				INFOPLIST_KEY_UIApplicationSupportsIndirectInputEvents = YES;
				INFOPLIST_KEY_UILaunchStoryboardName = LaunchScreen.storyboard;
				INFOPLIST_KEY_UIRequiresFullScreen = YES;
				INFOPLIST_KEY_UISupportedInterfaceOrientations = UIInterfaceOrientationPortrait;
				IPHONEOS_DEPLOYMENT_TARGET = 15.0;
				LD_RUNPATH_SEARCH_PATHS = (
					"$(inherited)",
					"@executable_path/Frameworks",
				);
				MARKETING_VERSION = 1.0;
				PRODUCT_BUNDLE_IDENTIFIER = "DanilaG.B-C";
				PRODUCT_NAME = BAndC;
				SWIFT_EMIT_LOC_STRINGS = YES;
				SWIFT_VERSION = 5.0;
				TARGETED_DEVICE_FAMILY = "1,2";
			};
			name = Release;
		};
/* End XCBuildConfiguration section */

/* Begin XCConfigurationList section */
		83614F2C29AA2F2B001218C7 /* Build configuration list for PBXNativeTarget "BAndCTests" */ = {
			isa = XCConfigurationList;
			buildConfigurations = (
				83614F2D29AA2F2B001218C7 /* Debug */,
				83614F2E29AA2F2B001218C7 /* Release */,
			);
			defaultConfigurationIsVisible = 0;
			defaultConfigurationName = Release;
		};
		8394E6C729A7D847000BCF02 /* Build configuration list for PBXProject "BAndC" */ = {
			isa = XCConfigurationList;
			buildConfigurations = (
				8394E6DE29A7D84F000BCF02 /* Debug */,
				8394E6DF29A7D850000BCF02 /* Release */,
			);
			defaultConfigurationIsVisible = 0;
			defaultConfigurationName = Release;
		};
		8394E6E029A7D850000BCF02 /* Build configuration list for PBXNativeTarget "BAndC" */ = {
			isa = XCConfigurationList;
			buildConfigurations = (
				8394E6E129A7D850000BCF02 /* Debug */,
				8394E6E229A7D850000BCF02 /* Release */,
			);
			defaultConfigurationIsVisible = 0;
			defaultConfigurationName = Release;
		};
/* End XCConfigurationList section */
	};
	rootObject = 8394E6C429A7D847000BCF02 /* Project object */;
}
