// !$*UTF8*$!
{
	archiveVersion = 1;
	classes = {
	};
	objectVersion = 55;
	objects = {

/* Begin PBXBuildFile section */
		8394E6D029A7D848000BCF02 /* AppDelegate.swift in Sources */ = {isa = PBXBuildFile; fileRef = 8394E6CF29A7D848000BCF02 /* AppDelegate.swift */; };
		8394E6D229A7D848000BCF02 /* SceneDelegate.swift in Sources */ = {isa = PBXBuildFile; fileRef = 8394E6D129A7D848000BCF02 /* SceneDelegate.swift */; };
		8394E6D429A7D848000BCF02 /* ViewController.swift in Sources */ = {isa = PBXBuildFile; fileRef = 8394E6D329A7D848000BCF02 /* ViewController.swift */; };
		8394E6D929A7D84F000BCF02 /* Assets.xcassets in Resources */ = {isa = PBXBuildFile; fileRef = 8394E6D829A7D84F000BCF02 /* Assets.xcassets */; };
		8394E6EE29A90FBB000BCF02 /* MainCoordinator.swift in Sources */ = {isa = PBXBuildFile; fileRef = 8394E6ED29A90FBB000BCF02 /* MainCoordinator.swift */; };
		8394E6F029A9109F000BCF02 /* MainFlowProvider.swift in Sources */ = {isa = PBXBuildFile; fileRef = 8394E6EF29A9109F000BCF02 /* MainFlowProvider.swift */; };
		8394E6F629A91806000BCF02 /* MainFlowModule.swift in Sources */ = {isa = PBXBuildFile; fileRef = 8394E6F529A91806000BCF02 /* MainFlowModule.swift */; };
		8394E6F829A919C0000BCF02 /* MainFlowAssembly.swift in Sources */ = {isa = PBXBuildFile; fileRef = 8394E6F729A919C0000BCF02 /* MainFlowAssembly.swift */; };
		8394E6FA29A91D49000BCF02 /* MainFlowModuleInputData.swift in Sources */ = {isa = PBXBuildFile; fileRef = 8394E6F929A91D49000BCF02 /* MainFlowModuleInputData.swift */; };
		F6295821D05A7AF16654C3D2 /* Pods_B_C.framework in Frameworks */ = {isa = PBXBuildFile; fileRef = 94EE54001D486FB8FC7F12BE /* Pods_B_C.framework */; };
/* End PBXBuildFile section */

/* Begin PBXFileReference section */
		2AB94D91ADE4BD537987D2EE /* Pods-B&C.debug.xcconfig */ = {isa = PBXFileReference; includeInIndex = 1; lastKnownFileType = text.xcconfig; name = "Pods-B&C.debug.xcconfig"; path = "Target Support Files/Pods-B&C/Pods-B&C.debug.xcconfig"; sourceTree = "<group>"; };
		4BFF9F352BA469E63B19BCFB /* Pods-B&C.release.xcconfig */ = {isa = PBXFileReference; includeInIndex = 1; lastKnownFileType = text.xcconfig; name = "Pods-B&C.release.xcconfig"; path = "Target Support Files/Pods-B&C/Pods-B&C.release.xcconfig"; sourceTree = "<group>"; };
		8394E6CC29A7D848000BCF02 /* B&C.app */ = {isa = PBXFileReference; explicitFileType = wrapper.application; includeInIndex = 0; path = "B&C.app"; sourceTree = BUILT_PRODUCTS_DIR; };
		8394E6CF29A7D848000BCF02 /* AppDelegate.swift */ = {isa = PBXFileReference; lastKnownFileType = sourcecode.swift; path = AppDelegate.swift; sourceTree = "<group>"; };
		8394E6D129A7D848000BCF02 /* SceneDelegate.swift */ = {isa = PBXFileReference; lastKnownFileType = sourcecode.swift; path = SceneDelegate.swift; sourceTree = "<group>"; };
		8394E6D329A7D848000BCF02 /* ViewController.swift */ = {isa = PBXFileReference; lastKnownFileType = sourcecode.swift; path = ViewController.swift; sourceTree = "<group>"; };
		8394E6D829A7D84F000BCF02 /* Assets.xcassets */ = {isa = PBXFileReference; lastKnownFileType = folder.assetcatalog; path = Assets.xcassets; sourceTree = "<group>"; };
		8394E6DD29A7D84F000BCF02 /* Info.plist */ = {isa = PBXFileReference; lastKnownFileType = text.plist.xml; path = Info.plist; sourceTree = "<group>"; };
		8394E6ED29A90FBB000BCF02 /* MainCoordinator.swift */ = {isa = PBXFileReference; lastKnownFileType = sourcecode.swift; path = MainCoordinator.swift; sourceTree = "<group>"; };
		8394E6EF29A9109F000BCF02 /* MainFlowProvider.swift */ = {isa = PBXFileReference; lastKnownFileType = sourcecode.swift; path = MainFlowProvider.swift; sourceTree = "<group>"; };
		8394E6F529A91806000BCF02 /* MainFlowModule.swift */ = {isa = PBXFileReference; lastKnownFileType = sourcecode.swift; path = MainFlowModule.swift; sourceTree = "<group>"; };
		8394E6F729A919C0000BCF02 /* MainFlowAssembly.swift */ = {isa = PBXFileReference; lastKnownFileType = sourcecode.swift; path = MainFlowAssembly.swift; sourceTree = "<group>"; };
		8394E6F929A91D49000BCF02 /* MainFlowModuleInputData.swift */ = {isa = PBXFileReference; lastKnownFileType = sourcecode.swift; path = MainFlowModuleInputData.swift; sourceTree = "<group>"; };
		94EE54001D486FB8FC7F12BE /* Pods_B_C.framework */ = {isa = PBXFileReference; explicitFileType = wrapper.framework; includeInIndex = 0; path = Pods_B_C.framework; sourceTree = BUILT_PRODUCTS_DIR; };
/* End PBXFileReference section */

/* Begin PBXFrameworksBuildPhase section */
		8394E6C929A7D847000BCF02 /* Frameworks */ = {
			isa = PBXFrameworksBuildPhase;
			buildActionMask = 2147483647;
			files = (
				F6295821D05A7AF16654C3D2 /* Pods_B_C.framework in Frameworks */,
			);
			runOnlyForDeploymentPostprocessing = 0;
		};
/* End PBXFrameworksBuildPhase section */

/* Begin PBXGroup section */
		1CEF16E36545EC5342782638 /* Frameworks */ = {
			isa = PBXGroup;
			children = (
				94EE54001D486FB8FC7F12BE /* Pods_B_C.framework */,
			);
			name = Frameworks;
			sourceTree = "<group>";
		};
		58BA658FAE12D4FE57466E9F /* Pods */ = {
			isa = PBXGroup;
			children = (
				2AB94D91ADE4BD537987D2EE /* Pods-B&C.debug.xcconfig */,
				4BFF9F352BA469E63B19BCFB /* Pods-B&C.release.xcconfig */,
			);
			path = Pods;
			sourceTree = "<group>";
		};
		8394E6C329A7D847000BCF02 = {
			isa = PBXGroup;
			children = (
				8394E6CE29A7D848000BCF02 /* B&C */,
				8394E6CD29A7D848000BCF02 /* Products */,
				58BA658FAE12D4FE57466E9F /* Pods */,
				1CEF16E36545EC5342782638 /* Frameworks */,
			);
			sourceTree = "<group>";
		};
		8394E6CD29A7D848000BCF02 /* Products */ = {
			isa = PBXGroup;
			children = (
				8394E6CC29A7D848000BCF02 /* B&C.app */,
			);
			name = Products;
			sourceTree = "<group>";
		};
		8394E6CE29A7D848000BCF02 /* B&C */ = {
			isa = PBXGroup;
			children = (
				8394E6EB29A90EFC000BCF02 /* Flows */,
				8394E6CF29A7D848000BCF02 /* AppDelegate.swift */,
				8394E6D129A7D848000BCF02 /* SceneDelegate.swift */,
				8394E6D329A7D848000BCF02 /* ViewController.swift */,
				8394E6D829A7D84F000BCF02 /* Assets.xcassets */,
				8394E6DD29A7D84F000BCF02 /* Info.plist */,
			);
			path = "B&C";
			sourceTree = "<group>";
		};
		8394E6EB29A90EFC000BCF02 /* Flows */ = {
			isa = PBXGroup;
			children = (
				8394E6EC29A90F14000BCF02 /* Main */,
			);
			path = Flows;
			sourceTree = "<group>";
		};
		8394E6EC29A90F14000BCF02 /* Main */ = {
			isa = PBXGroup;
			children = (
				8394E6F429A917E7000BCF02 /* Module */,
				8394E6ED29A90FBB000BCF02 /* MainCoordinator.swift */,
				8394E6EF29A9109F000BCF02 /* MainFlowProvider.swift */,
			);
			path = Main;
			sourceTree = "<group>";
		};
		8394E6F429A917E7000BCF02 /* Module */ = {
			isa = PBXGroup;
			children = (
				8394E6F529A91806000BCF02 /* MainFlowModule.swift */,
				8394E6F729A919C0000BCF02 /* MainFlowAssembly.swift */,
				8394E6F929A91D49000BCF02 /* MainFlowModuleInputData.swift */,
			);
			path = Module;
			sourceTree = "<group>";
		};
/* End PBXGroup section */

/* Begin PBXNativeTarget section */
		8394E6CB29A7D847000BCF02 /* B&C */ = {
			isa = PBXNativeTarget;
			buildConfigurationList = 8394E6E029A7D850000BCF02 /* Build configuration list for PBXNativeTarget "B&C" */;
			buildPhases = (
				7096F5FF7C209DDF426B20F7 /* [CP] Check Pods Manifest.lock */,
				8394E6E329A7F30B000BCF02 /* SwiftLint */,
				8394E6C829A7D847000BCF02 /* Sources */,
				8394E6C929A7D847000BCF02 /* Frameworks */,
				8394E6CA29A7D847000BCF02 /* Resources */,
				D7DAEE014784EA1F1F50AA51 /* [CP] Embed Pods Frameworks */,
			);
			buildRules = (
			);
			dependencies = (
			);
			name = "B&C";
			productName = "B&C";
			productReference = 8394E6CC29A7D848000BCF02 /* B&C.app */;
			productType = "com.apple.product-type.application";
		};
/* End PBXNativeTarget section */

/* Begin PBXProject section */
		8394E6C429A7D847000BCF02 /* Project object */ = {
			isa = PBXProject;
			attributes = {
				BuildIndependentTargetsInParallel = 1;
				LastSwiftUpdateCheck = 1400;
				LastUpgradeCheck = 1400;
				TargetAttributes = {
					8394E6CB29A7D847000BCF02 = {
						CreatedOnToolsVersion = 14.0.1;
					};
				};
			};
			buildConfigurationList = 8394E6C729A7D847000BCF02 /* Build configuration list for PBXProject "B&C" */;
			compatibilityVersion = "Xcode 13.0";
			developmentRegion = en;
			hasScannedForEncodings = 0;
			knownRegions = (
				en,
				Base,
			);
			mainGroup = 8394E6C329A7D847000BCF02;
			productRefGroup = 8394E6CD29A7D848000BCF02 /* Products */;
			projectDirPath = "";
			projectRoot = "";
			targets = (
				8394E6CB29A7D847000BCF02 /* B&C */,
			);
		};
/* End PBXProject section */

/* Begin PBXResourcesBuildPhase section */
		8394E6CA29A7D847000BCF02 /* Resources */ = {
			isa = PBXResourcesBuildPhase;
			buildActionMask = 2147483647;
			files = (
				8394E6D929A7D84F000BCF02 /* Assets.xcassets in Resources */,
			);
			runOnlyForDeploymentPostprocessing = 0;
		};
/* End PBXResourcesBuildPhase section */

/* Begin PBXShellScriptBuildPhase section */
		7096F5FF7C209DDF426B20F7 /* [CP] Check Pods Manifest.lock */ = {
			isa = PBXShellScriptBuildPhase;
			buildActionMask = 2147483647;
			files = (
			);
			inputFileListPaths = (
			);
			inputPaths = (
				"${PODS_PODFILE_DIR_PATH}/Podfile.lock",
				"${PODS_ROOT}/Manifest.lock",
			);
			name = "[CP] Check Pods Manifest.lock";
			outputFileListPaths = (
			);
			outputPaths = (
				"$(DERIVED_FILE_DIR)/Pods-B&C-checkManifestLockResult.txt",
			);
			runOnlyForDeploymentPostprocessing = 0;
			shellPath = /bin/sh;
			shellScript = "diff \"${PODS_PODFILE_DIR_PATH}/Podfile.lock\" \"${PODS_ROOT}/Manifest.lock\" > /dev/null\nif [ $? != 0 ] ; then\n    # print error to STDERR\n    echo \"error: The sandbox is not in sync with the Podfile.lock. Run 'pod install' or update your CocoaPods installation.\" >&2\n    exit 1\nfi\n# This output is used by Xcode 'outputs' to avoid re-running this script phase.\necho \"SUCCESS\" > \"${SCRIPT_OUTPUT_FILE_0}\"\n";
			showEnvVarsInLog = 0;
		};
		8394E6E329A7F30B000BCF02 /* SwiftLint */ = {
			isa = PBXShellScriptBuildPhase;
			alwaysOutOfDate = 1;
			buildActionMask = 12;
			files = (
			);
			inputFileListPaths = (
			);
			inputPaths = (
			);
			name = SwiftLint;
			outputFileListPaths = (
			);
			outputPaths = (
			);
			runOnlyForDeploymentPostprocessing = 0;
			shellPath = /bin/sh;
			shellScript = "\"${PODS_ROOT}/SwiftLint/swiftlint\"\n";
		};
		D7DAEE014784EA1F1F50AA51 /* [CP] Embed Pods Frameworks */ = {
			isa = PBXShellScriptBuildPhase;
			buildActionMask = 2147483647;
			files = (
			);
			inputFileListPaths = (
				"${PODS_ROOT}/Target Support Files/Pods-B&C/Pods-B&C-frameworks-${CONFIGURATION}-input-files.xcfilelist",
			);
			name = "[CP] Embed Pods Frameworks";
			outputFileListPaths = (
				"${PODS_ROOT}/Target Support Files/Pods-B&C/Pods-B&C-frameworks-${CONFIGURATION}-output-files.xcfilelist",
			);
			runOnlyForDeploymentPostprocessing = 0;
			shellPath = /bin/sh;
			shellScript = "\"${PODS_ROOT}/Target Support Files/Pods-B&C/Pods-B&C-frameworks.sh\"\n";
			showEnvVarsInLog = 0;
		};
/* End PBXShellScriptBuildPhase section */

/* Begin PBXSourcesBuildPhase section */
		8394E6C829A7D847000BCF02 /* Sources */ = {
			isa = PBXSourcesBuildPhase;
			buildActionMask = 2147483647;
			files = (
				8394E6D429A7D848000BCF02 /* ViewController.swift in Sources */,
				8394E6EE29A90FBB000BCF02 /* MainCoordinator.swift in Sources */,
				8394E6F829A919C0000BCF02 /* MainFlowAssembly.swift in Sources */,
				8394E6F629A91806000BCF02 /* MainFlowModule.swift in Sources */,
				8394E6F029A9109F000BCF02 /* MainFlowProvider.swift in Sources */,
				8394E6FA29A91D49000BCF02 /* MainFlowModuleInputData.swift in Sources */,
				8394E6D029A7D848000BCF02 /* AppDelegate.swift in Sources */,
				8394E6D229A7D848000BCF02 /* SceneDelegate.swift in Sources */,
			);
			runOnlyForDeploymentPostprocessing = 0;
		};
/* End PBXSourcesBuildPhase section */

/* Begin XCBuildConfiguration section */
		8394E6DE29A7D84F000BCF02 /* Debug */ = {
			isa = XCBuildConfiguration;
			buildSettings = {
				ALWAYS_SEARCH_USER_PATHS = NO;
				CLANG_ANALYZER_NONNULL = YES;
				CLANG_ANALYZER_NUMBER_OBJECT_CONVERSION = YES_AGGRESSIVE;
				CLANG_CXX_LANGUAGE_STANDARD = "gnu++20";
				CLANG_ENABLE_MODULES = YES;
				CLANG_ENABLE_OBJC_ARC = YES;
				CLANG_ENABLE_OBJC_WEAK = YES;
				CLANG_WARN_BLOCK_CAPTURE_AUTORELEASING = YES;
				CLANG_WARN_BOOL_CONVERSION = YES;
				CLANG_WARN_COMMA = YES;
				CLANG_WARN_CONSTANT_CONVERSION = YES;
				CLANG_WARN_DEPRECATED_OBJC_IMPLEMENTATIONS = YES;
				CLANG_WARN_DIRECT_OBJC_ISA_USAGE = YES_ERROR;
				CLANG_WARN_DOCUMENTATION_COMMENTS = YES;
				CLANG_WARN_EMPTY_BODY = YES;
				CLANG_WARN_ENUM_CONVERSION = YES;
				CLANG_WARN_INFINITE_RECURSION = YES;
				CLANG_WARN_INT_CONVERSION = YES;
				CLANG_WARN_NON_LITERAL_NULL_CONVERSION = YES;
				CLANG_WARN_OBJC_IMPLICIT_RETAIN_SELF = YES;
				CLANG_WARN_OBJC_LITERAL_CONVERSION = YES;
				CLANG_WARN_OBJC_ROOT_CLASS = YES_ERROR;
				CLANG_WARN_QUOTED_INCLUDE_IN_FRAMEWORK_HEADER = YES;
				CLANG_WARN_RANGE_LOOP_ANALYSIS = YES;
				CLANG_WARN_STRICT_PROTOTYPES = YES;
				CLANG_WARN_SUSPICIOUS_MOVE = YES;
				CLANG_WARN_UNGUARDED_AVAILABILITY = YES_AGGRESSIVE;
				CLANG_WARN_UNREACHABLE_CODE = YES;
				CLANG_WARN__DUPLICATE_METHOD_MATCH = YES;
				COPY_PHASE_STRIP = NO;
				DEBUG_INFORMATION_FORMAT = dwarf;
				ENABLE_STRICT_OBJC_MSGSEND = YES;
				ENABLE_TESTABILITY = YES;
				GCC_C_LANGUAGE_STANDARD = gnu11;
				GCC_DYNAMIC_NO_PIC = NO;
				GCC_NO_COMMON_BLOCKS = YES;
				GCC_OPTIMIZATION_LEVEL = 0;
				GCC_PREPROCESSOR_DEFINITIONS = (
					"DEBUG=1",
					"$(inherited)",
				);
				GCC_WARN_64_TO_32_BIT_CONVERSION = YES;
				GCC_WARN_ABOUT_RETURN_TYPE = YES_ERROR;
				GCC_WARN_UNDECLARED_SELECTOR = YES;
				GCC_WARN_UNINITIALIZED_AUTOS = YES_AGGRESSIVE;
				GCC_WARN_UNUSED_FUNCTION = YES;
				GCC_WARN_UNUSED_VARIABLE = YES;
				IPHONEOS_DEPLOYMENT_TARGET = 16.0;
				MTL_ENABLE_DEBUG_INFO = INCLUDE_SOURCE;
				MTL_FAST_MATH = YES;
				ONLY_ACTIVE_ARCH = YES;
				SDKROOT = iphoneos;
				SWIFT_ACTIVE_COMPILATION_CONDITIONS = DEBUG;
				SWIFT_OPTIMIZATION_LEVEL = "-Onone";
			};
			name = Debug;
		};
		8394E6DF29A7D850000BCF02 /* Release */ = {
			isa = XCBuildConfiguration;
			buildSettings = {
				ALWAYS_SEARCH_USER_PATHS = NO;
				CLANG_ANALYZER_NONNULL = YES;
				CLANG_ANALYZER_NUMBER_OBJECT_CONVERSION = YES_AGGRESSIVE;
				CLANG_CXX_LANGUAGE_STANDARD = "gnu++20";
				CLANG_ENABLE_MODULES = YES;
				CLANG_ENABLE_OBJC_ARC = YES;
				CLANG_ENABLE_OBJC_WEAK = YES;
				CLANG_WARN_BLOCK_CAPTURE_AUTORELEASING = YES;
				CLANG_WARN_BOOL_CONVERSION = YES;
				CLANG_WARN_COMMA = YES;
				CLANG_WARN_CONSTANT_CONVERSION = YES;
				CLANG_WARN_DEPRECATED_OBJC_IMPLEMENTATIONS = YES;
				CLANG_WARN_DIRECT_OBJC_ISA_USAGE = YES_ERROR;
				CLANG_WARN_DOCUMENTATION_COMMENTS = YES;
				CLANG_WARN_EMPTY_BODY = YES;
				CLANG_WARN_ENUM_CONVERSION = YES;
				CLANG_WARN_INFINITE_RECURSION = YES;
				CLANG_WARN_INT_CONVERSION = YES;
				CLANG_WARN_NON_LITERAL_NULL_CONVERSION = YES;
				CLANG_WARN_OBJC_IMPLICIT_RETAIN_SELF = YES;
				CLANG_WARN_OBJC_LITERAL_CONVERSION = YES;
				CLANG_WARN_OBJC_ROOT_CLASS = YES_ERROR;
				CLANG_WARN_QUOTED_INCLUDE_IN_FRAMEWORK_HEADER = YES;
				CLANG_WARN_RANGE_LOOP_ANALYSIS = YES;
				CLANG_WARN_STRICT_PROTOTYPES = YES;
				CLANG_WARN_SUSPICIOUS_MOVE = YES;
				CLANG_WARN_UNGUARDED_AVAILABILITY = YES_AGGRESSIVE;
				CLANG_WARN_UNREACHABLE_CODE = YES;
				CLANG_WARN__DUPLICATE_METHOD_MATCH = YES;
				COPY_PHASE_STRIP = NO;
				DEBUG_INFORMATION_FORMAT = "dwarf-with-dsym";
				ENABLE_NS_ASSERTIONS = NO;
				ENABLE_STRICT_OBJC_MSGSEND = YES;
				GCC_C_LANGUAGE_STANDARD = gnu11;
				GCC_NO_COMMON_BLOCKS = YES;
				GCC_WARN_64_TO_32_BIT_CONVERSION = YES;
				GCC_WARN_ABOUT_RETURN_TYPE = YES_ERROR;
				GCC_WARN_UNDECLARED_SELECTOR = YES;
				GCC_WARN_UNINITIALIZED_AUTOS = YES_AGGRESSIVE;
				GCC_WARN_UNUSED_FUNCTION = YES;
				GCC_WARN_UNUSED_VARIABLE = YES;
				IPHONEOS_DEPLOYMENT_TARGET = 16.0;
				MTL_ENABLE_DEBUG_INFO = NO;
				MTL_FAST_MATH = YES;
				SDKROOT = iphoneos;
				SWIFT_COMPILATION_MODE = wholemodule;
				SWIFT_OPTIMIZATION_LEVEL = "-O";
				VALIDATE_PRODUCT = YES;
			};
			name = Release;
		};
		8394E6E129A7D850000BCF02 /* Debug */ = {
			isa = XCBuildConfiguration;
			baseConfigurationReference = 2AB94D91ADE4BD537987D2EE /* Pods-B&C.debug.xcconfig */;
			buildSettings = {
				ASSETCATALOG_COMPILER_APPICON_NAME = AppIcon;
				ASSETCATALOG_COMPILER_GLOBAL_ACCENT_COLOR_NAME = AccentColor;
				CODE_SIGN_STYLE = Automatic;
				CURRENT_PROJECT_VERSION = 1;
				DEVELOPMENT_TEAM = 3TNZ35SGHD;
				GENERATE_INFOPLIST_FILE = YES;
				INFOPLIST_FILE = "B&C/Info.plist";
				INFOPLIST_KEY_UIApplicationSupportsIndirectInputEvents = YES;
				INFOPLIST_KEY_UISupportedInterfaceOrientations_iPad = "UIInterfaceOrientationPortrait UIInterfaceOrientationPortraitUpsideDown UIInterfaceOrientationLandscapeLeft UIInterfaceOrientationLandscapeRight";
				INFOPLIST_KEY_UISupportedInterfaceOrientations_iPhone = "UIInterfaceOrientationPortrait UIInterfaceOrientationLandscapeLeft UIInterfaceOrientationLandscapeRight";
				LD_RUNPATH_SEARCH_PATHS = (
					"$(inherited)",
					"@executable_path/Frameworks",
				);
				MARKETING_VERSION = 1.0;
				PRODUCT_BUNDLE_IDENTIFIER = "DanilaG.B-C";
				PRODUCT_NAME = "$(TARGET_NAME)";
				SWIFT_EMIT_LOC_STRINGS = YES;
				SWIFT_VERSION = 5.0;
				TARGETED_DEVICE_FAMILY = "1,2";
			};
			name = Debug;
		};
		8394E6E229A7D850000BCF02 /* Release */ = {
			isa = XCBuildConfiguration;
			baseConfigurationReference = 4BFF9F352BA469E63B19BCFB /* Pods-B&C.release.xcconfig */;
			buildSettings = {
				ASSETCATALOG_COMPILER_APPICON_NAME = AppIcon;
				ASSETCATALOG_COMPILER_GLOBAL_ACCENT_COLOR_NAME = AccentColor;
				CODE_SIGN_STYLE = Automatic;
				CURRENT_PROJECT_VERSION = 1;
				DEVELOPMENT_TEAM = 3TNZ35SGHD;
				GENERATE_INFOPLIST_FILE = YES;
				INFOPLIST_FILE = "B&C/Info.plist";
				INFOPLIST_KEY_UIApplicationSupportsIndirectInputEvents = YES;
				INFOPLIST_KEY_UISupportedInterfaceOrientations_iPad = "UIInterfaceOrientationPortrait UIInterfaceOrientationPortraitUpsideDown UIInterfaceOrientationLandscapeLeft UIInterfaceOrientationLandscapeRight";
				INFOPLIST_KEY_UISupportedInterfaceOrientations_iPhone = "UIInterfaceOrientationPortrait UIInterfaceOrientationLandscapeLeft UIInterfaceOrientationLandscapeRight";
				LD_RUNPATH_SEARCH_PATHS = (
					"$(inherited)",
					"@executable_path/Frameworks",
				);
				MARKETING_VERSION = 1.0;
				PRODUCT_BUNDLE_IDENTIFIER = "DanilaG.B-C";
				PRODUCT_NAME = "$(TARGET_NAME)";
				SWIFT_EMIT_LOC_STRINGS = YES;
				SWIFT_VERSION = 5.0;
				TARGETED_DEVICE_FAMILY = "1,2";
			};
			name = Release;
		};
/* End XCBuildConfiguration section */

/* Begin XCConfigurationList section */
		8394E6C729A7D847000BCF02 /* Build configuration list for PBXProject "B&C" */ = {
			isa = XCConfigurationList;
			buildConfigurations = (
				8394E6DE29A7D84F000BCF02 /* Debug */,
				8394E6DF29A7D850000BCF02 /* Release */,
			);
			defaultConfigurationIsVisible = 0;
			defaultConfigurationName = Release;
		};
		8394E6E029A7D850000BCF02 /* Build configuration list for PBXNativeTarget "B&C" */ = {
			isa = XCConfigurationList;
			buildConfigurations = (
				8394E6E129A7D850000BCF02 /* Debug */,
				8394E6E229A7D850000BCF02 /* Release */,
			);
			defaultConfigurationIsVisible = 0;
			defaultConfigurationName = Release;
		};
/* End XCConfigurationList section */
	};
	rootObject = 8394E6C429A7D847000BCF02 /* Project object */;
}
